// !$*UTF8*$!
{
	archiveVersion = 1;
	classes = {
	};
	objectVersion = 60;
	objects = {

/* Begin PBXBuildFile section */
		7DA58E5A2A9B4BF4009BD943 /* ProfileView.swift in Sources */ = {isa = PBXBuildFile; fileRef = 7DA58E592A9B4BF4009BD943 /* ProfileView.swift */; };
		7DA58E5C2A9BA1D1009BD943 /* ProfitViviendasView.swift in Sources */ = {isa = PBXBuildFile; fileRef = 7DA58E5B2A9BA1D1009BD943 /* ProfitViviendasView.swift */; };
		7DA58E5E2A9BB52E009BD943 /* ContratosView.swift in Sources */ = {isa = PBXBuildFile; fileRef = 7DA58E5D2A9BB52E009BD943 /* ContratosView.swift */; };
		7DA58E602AA2750C009BD943 /* ComponentsView.swift in Sources */ = {isa = PBXBuildFile; fileRef = 7DA58E5F2AA2750C009BD943 /* ComponentsView.swift */; };
		7DA58E622AA2755D009BD943 /* EmpresasListView.swift in Sources */ = {isa = PBXBuildFile; fileRef = 7DA58E612AA2755D009BD943 /* EmpresasListView.swift */; };
		7DA58E642AA36DD5009BD943 /* AddEditMovimientoView.swift in Sources */ = {isa = PBXBuildFile; fileRef = 7DA58E632AA36DD5009BD943 /* AddEditMovimientoView.swift */; };
		7DA58E662AA38C64009BD943 /* MovimientosListView.swift in Sources */ = {isa = PBXBuildFile; fileRef = 7DA58E652AA38C64009BD943 /* MovimientosListView.swift */; };
		7DA58E682AAF8C5F009BD943 /* ViviendasListView.swift in Sources */ = {isa = PBXBuildFile; fileRef = 7DA58E672AAF8C5F009BD943 /* ViviendasListView.swift */; };
		7DA58E6A2AAF8F52009BD943 /* AddEditViviendaView.swift in Sources */ = {isa = PBXBuildFile; fileRef = 7DA58E692AAF8F52009BD943 /* AddEditViviendaView.swift */; };
		7DE35DC62A83E4E60044F57D /* Assets.xcassets in Resources */ = {isa = PBXBuildFile; fileRef = 7DE35DBD2A83E4E60044F57D /* Assets.xcassets */; };
		7DE35DC72A83E4E60044F57D /* services.swift in Sources */ = {isa = PBXBuildFile; fileRef = 7DE35DBE2A83E4E60044F57D /* services.swift */; };
		7DE35DC82A83E4E60044F57D /* HeaderView.swift in Sources */ = {isa = PBXBuildFile; fileRef = 7DE35DBF2A83E4E60044F57D /* HeaderView.swift */; };
		7DE35DC92A83E4E60044F57D /* model.swift in Sources */ = {isa = PBXBuildFile; fileRef = 7DE35DC02A83E4E60044F57D /* model.swift */; };
		7DE35DCA2A83E4E60044F57D /* DetalleEmpresaView.swift in Sources */ = {isa = PBXBuildFile; fileRef = 7DE35DC12A83E4E60044F57D /* DetalleEmpresaView.swift */; };
		7DE35DCB2A83E4E60044F57D /* ContentView.swift in Sources */ = {isa = PBXBuildFile; fileRef = 7DE35DC22A83E4E60044F57D /* ContentView.swift */; };
		7DE35DCC2A83E4E60044F57D /* Preview Content in Resources */ = {isa = PBXBuildFile; fileRef = 7DE35DC32A83E4E60044F57D /* Preview Content */; };
		7DE35DCD2A83E4E60044F57D /* DividendosApp.swift in Sources */ = {isa = PBXBuildFile; fileRef = 7DE35DC42A83E4E60044F57D /* DividendosApp.swift */; };
		7DE35DCE2A83E4E60044F57D /* charts.swift in Sources */ = {isa = PBXBuildFile; fileRef = 7DE35DC52A83E4E60044F57D /* charts.swift */; };
		7DE35DD02A83E5080044F57D /* charts.swift in Sources */ = {isa = PBXBuildFile; fileRef = 7DE35DCF2A83E5080044F57D /* charts.swift */; };
		7DE35DD22A83E5240044F57D /* DetalleEmpresaView.swift in Sources */ = {isa = PBXBuildFile; fileRef = 7DE35DD12A83E5240044F57D /* DetalleEmpresaView.swift */; };
		7DE35DD42A83E52C0044F57D /* HeaderView.swift in Sources */ = {isa = PBXBuildFile; fileRef = 7DE35DD32A83E52C0044F57D /* HeaderView.swift */; };
		7DE35DD62A83E53A0044F57D /* model.swift in Sources */ = {isa = PBXBuildFile; fileRef = 7DE35DD52A83E53A0044F57D /* model.swift */; };
		7DE35DD82A83E5410044F57D /* services.swift in Sources */ = {isa = PBXBuildFile; fileRef = 7DE35DD72A83E5410044F57D /* services.swift */; };
		7DE35DDB2A868C5E0044F57D /* CarteraView.swift in Sources */ = {isa = PBXBuildFile; fileRef = 7DE35DDA2A868C5E0044F57D /* CarteraView.swift */; };
		7DE35DDD2A868D970044F57D /* auxiliares.swift in Sources */ = {isa = PBXBuildFile; fileRef = 7DE35DDC2A868D970044F57D /* auxiliares.swift */; };
		7DE35DDF2A8B653E0044F57D /* PieChartView.swift in Sources */ = {isa = PBXBuildFile; fileRef = 7DE35DDE2A8B653E0044F57D /* PieChartView.swift */; };
		7DE35DE22A90BFE30044F57D /* SwiftUIImageViewer in Frameworks */ = {isa = PBXBuildFile; productRef = 7DE35DE12A90BFE30044F57D /* SwiftUIImageViewer */; };
		7DE35DE42A92708F0044F57D /* ProfitView.swift in Sources */ = {isa = PBXBuildFile; fileRef = 7DE35DE32A92708F0044F57D /* ProfitView.swift */; };
		7DE35DE62A9907000044F57D /* ViviendasView.swift in Sources */ = {isa = PBXBuildFile; fileRef = 7DE35DE52A9907000044F57D /* ViviendasView.swift */; };
		B80C480A2A402D180047AAC0 /* DividendosApp.swift in Sources */ = {isa = PBXBuildFile; fileRef = B80C48092A402D180047AAC0 /* DividendosApp.swift */; };
		B80C480C2A402D180047AAC0 /* ContentView.swift in Sources */ = {isa = PBXBuildFile; fileRef = B80C480B2A402D180047AAC0 /* ContentView.swift */; };
		B80C480E2A402D1A0047AAC0 /* Assets.xcassets in Resources */ = {isa = PBXBuildFile; fileRef = B80C480D2A402D1A0047AAC0 /* Assets.xcassets */; };
		B80C48112A402D1A0047AAC0 /* Preview Assets.xcassets in Resources */ = {isa = PBXBuildFile; fileRef = B80C48102A402D1A0047AAC0 /* Preview Assets.xcassets */; };
		B81ECC832ABDAAF3009A01CC /* HistoricoDividendosView.swift in Sources */ = {isa = PBXBuildFile; fileRef = B81ECC822ABDAAF3009A01CC /* HistoricoDividendosView.swift */; };
		B83BF8C32A9CB88D00BBED45 /* DashboardView.swift in Sources */ = {isa = PBXBuildFile; fileRef = B83BF8C22A9CB88D00BBED45 /* DashboardView.swift */; };
/* End PBXBuildFile section */

/* Begin PBXFileReference section */
		7DA58E592A9B4BF4009BD943 /* ProfileView.swift */ = {isa = PBXFileReference; lastKnownFileType = sourcecode.swift; path = ProfileView.swift; sourceTree = "<group>"; };
		7DA58E5B2A9BA1D1009BD943 /* ProfitViviendasView.swift */ = {isa = PBXFileReference; fileEncoding = 4; lastKnownFileType = sourcecode.swift; path = ProfitViviendasView.swift; sourceTree = "<group>"; };
		7DA58E5D2A9BB52E009BD943 /* ContratosView.swift */ = {isa = PBXFileReference; lastKnownFileType = sourcecode.swift; path = ContratosView.swift; sourceTree = "<group>"; };
		7DA58E5F2AA2750C009BD943 /* ComponentsView.swift */ = {isa = PBXFileReference; lastKnownFileType = sourcecode.swift; path = ComponentsView.swift; sourceTree = "<group>"; };
		7DA58E612AA2755D009BD943 /* EmpresasListView.swift */ = {isa = PBXFileReference; lastKnownFileType = sourcecode.swift; path = EmpresasListView.swift; sourceTree = "<group>"; };
		7DA58E632AA36DD5009BD943 /* AddEditMovimientoView.swift */ = {isa = PBXFileReference; lastKnownFileType = sourcecode.swift; path = AddEditMovimientoView.swift; sourceTree = "<group>"; };
		7DA58E652AA38C64009BD943 /* MovimientosListView.swift */ = {isa = PBXFileReference; lastKnownFileType = sourcecode.swift; path = MovimientosListView.swift; sourceTree = "<group>"; };
		7DA58E672AAF8C5F009BD943 /* ViviendasListView.swift */ = {isa = PBXFileReference; lastKnownFileType = sourcecode.swift; path = ViviendasListView.swift; sourceTree = "<group>"; };
		7DA58E692AAF8F52009BD943 /* AddEditViviendaView.swift */ = {isa = PBXFileReference; lastKnownFileType = sourcecode.swift; path = AddEditViviendaView.swift; sourceTree = "<group>"; };
		7DE35DBD2A83E4E60044F57D /* Assets.xcassets */ = {isa = PBXFileReference; lastKnownFileType = folder.assetcatalog; name = Assets.xcassets; path = Dividendos/Assets.xcassets; sourceTree = SOURCE_ROOT; };
		7DE35DBE2A83E4E60044F57D /* services.swift */ = {isa = PBXFileReference; fileEncoding = 4; lastKnownFileType = sourcecode.swift; name = services.swift; path = Dividendos/services.swift; sourceTree = SOURCE_ROOT; };
		7DE35DBF2A83E4E60044F57D /* HeaderView.swift */ = {isa = PBXFileReference; fileEncoding = 4; lastKnownFileType = sourcecode.swift; name = HeaderView.swift; path = Dividendos/HeaderView.swift; sourceTree = SOURCE_ROOT; };
		7DE35DC02A83E4E60044F57D /* model.swift */ = {isa = PBXFileReference; fileEncoding = 4; lastKnownFileType = sourcecode.swift; name = model.swift; path = Dividendos/model.swift; sourceTree = SOURCE_ROOT; };
		7DE35DC12A83E4E60044F57D /* DetalleEmpresaView.swift */ = {isa = PBXFileReference; fileEncoding = 4; lastKnownFileType = sourcecode.swift; name = DetalleEmpresaView.swift; path = Dividendos/DetalleEmpresaView.swift; sourceTree = SOURCE_ROOT; };
		7DE35DC22A83E4E60044F57D /* ContentView.swift */ = {isa = PBXFileReference; fileEncoding = 4; lastKnownFileType = sourcecode.swift; name = ContentView.swift; path = Dividendos/ContentView.swift; sourceTree = SOURCE_ROOT; };
		7DE35DC32A83E4E60044F57D /* Preview Content */ = {isa = PBXFileReference; lastKnownFileType = folder; path = "Preview Content"; sourceTree = "<group>"; };
		7DE35DC42A83E4E60044F57D /* DividendosApp.swift */ = {isa = PBXFileReference; fileEncoding = 4; lastKnownFileType = sourcecode.swift; name = DividendosApp.swift; path = Dividendos/DividendosApp.swift; sourceTree = SOURCE_ROOT; };
		7DE35DC52A83E4E60044F57D /* charts.swift */ = {isa = PBXFileReference; fileEncoding = 4; lastKnownFileType = sourcecode.swift; name = charts.swift; path = Dividendos/charts.swift; sourceTree = SOURCE_ROOT; };
		7DE35DCF2A83E5080044F57D /* charts.swift */ = {isa = PBXFileReference; fileEncoding = 4; lastKnownFileType = sourcecode.swift; path = charts.swift; sourceTree = "<group>"; };
		7DE35DD12A83E5240044F57D /* DetalleEmpresaView.swift */ = {isa = PBXFileReference; fileEncoding = 4; lastKnownFileType = sourcecode.swift; path = DetalleEmpresaView.swift; sourceTree = "<group>"; };
		7DE35DD32A83E52C0044F57D /* HeaderView.swift */ = {isa = PBXFileReference; fileEncoding = 4; lastKnownFileType = sourcecode.swift; path = HeaderView.swift; sourceTree = "<group>"; };
		7DE35DD52A83E53A0044F57D /* model.swift */ = {isa = PBXFileReference; fileEncoding = 4; lastKnownFileType = sourcecode.swift; path = model.swift; sourceTree = "<group>"; };
		7DE35DD72A83E5410044F57D /* services.swift */ = {isa = PBXFileReference; fileEncoding = 4; lastKnownFileType = sourcecode.swift; path = services.swift; sourceTree = "<group>"; };
		7DE35DD92A852DF60044F57D /* Info.plist */ = {isa = PBXFileReference; lastKnownFileType = text.plist; path = Info.plist; sourceTree = "<group>"; };
		7DE35DDA2A868C5E0044F57D /* CarteraView.swift */ = {isa = PBXFileReference; lastKnownFileType = sourcecode.swift; path = CarteraView.swift; sourceTree = "<group>"; };
		7DE35DDC2A868D970044F57D /* auxiliares.swift */ = {isa = PBXFileReference; lastKnownFileType = sourcecode.swift; path = auxiliares.swift; sourceTree = "<group>"; };
		7DE35DDE2A8B653E0044F57D /* PieChartView.swift */ = {isa = PBXFileReference; lastKnownFileType = sourcecode.swift; path = PieChartView.swift; sourceTree = "<group>"; };
		7DE35DE32A92708F0044F57D /* ProfitView.swift */ = {isa = PBXFileReference; lastKnownFileType = sourcecode.swift; path = ProfitView.swift; sourceTree = "<group>"; };
		7DE35DE52A9907000044F57D /* ViviendasView.swift */ = {isa = PBXFileReference; lastKnownFileType = sourcecode.swift; path = ViviendasView.swift; sourceTree = "<group>"; };
		B80C48062A402D180047AAC0 /* Dividendos.app */ = {isa = PBXFileReference; explicitFileType = wrapper.application; includeInIndex = 0; path = Dividendos.app; sourceTree = BUILT_PRODUCTS_DIR; };
		B80C48092A402D180047AAC0 /* DividendosApp.swift */ = {isa = PBXFileReference; lastKnownFileType = sourcecode.swift; path = DividendosApp.swift; sourceTree = "<group>"; };
		B80C480B2A402D180047AAC0 /* ContentView.swift */ = {isa = PBXFileReference; lastKnownFileType = sourcecode.swift; path = ContentView.swift; sourceTree = "<group>"; };
		B80C480D2A402D1A0047AAC0 /* Assets.xcassets */ = {isa = PBXFileReference; lastKnownFileType = folder.assetcatalog; path = Assets.xcassets; sourceTree = "<group>"; };
		B80C48102A402D1A0047AAC0 /* Preview Assets.xcassets */ = {isa = PBXFileReference; lastKnownFileType = folder.assetcatalog; path = "Preview Assets.xcassets"; sourceTree = "<group>"; };
		B81ECC822ABDAAF3009A01CC /* HistoricoDividendosView.swift */ = {isa = PBXFileReference; lastKnownFileType = sourcecode.swift; path = HistoricoDividendosView.swift; sourceTree = "<group>"; };
		B83BF8C22A9CB88D00BBED45 /* DashboardView.swift */ = {isa = PBXFileReference; lastKnownFileType = sourcecode.swift; path = DashboardView.swift; sourceTree = "<group>"; };
/* End PBXFileReference section */

/* Begin PBXFrameworksBuildPhase section */
		B80C48032A402D180047AAC0 /* Frameworks */ = {
			isa = PBXFrameworksBuildPhase;
			buildActionMask = 2147483647;
			files = (
				7DE35DE22A90BFE30044F57D /* SwiftUIImageViewer in Frameworks */,
			);
			runOnlyForDeploymentPostprocessing = 0;
		};
/* End PBXFrameworksBuildPhase section */

/* Begin PBXGroup section */
		B80C47FD2A402D180047AAC0 = {
			isa = PBXGroup;
			children = (
				B80C48082A402D180047AAC0 /* Dividendos */,
				B80C48072A402D180047AAC0 /* Products */,
			);
			sourceTree = "<group>";
		};
		B80C48072A402D180047AAC0 /* Products */ = {
			isa = PBXGroup;
			children = (
				B80C48062A402D180047AAC0 /* Dividendos.app */,
			);
			name = Products;
			sourceTree = "<group>";
		};
		B80C48082A402D180047AAC0 /* Dividendos */ = {
			isa = PBXGroup;
			children = (
				7DE35DD92A852DF60044F57D /* Info.plist */,
				B80C48092A402D180047AAC0 /* DividendosApp.swift */,
				B80C480B2A402D180047AAC0 /* ContentView.swift */,
				7DA58E612AA2755D009BD943 /* EmpresasListView.swift */,
				7DE35DD12A83E5240044F57D /* DetalleEmpresaView.swift */,
				B81ECC822ABDAAF3009A01CC /* HistoricoDividendosView.swift */,
				7DA58E652AA38C64009BD943 /* MovimientosListView.swift */,
				7DA58E632AA36DD5009BD943 /* AddEditMovimientoView.swift */,
				B83BF8C22A9CB88D00BBED45 /* DashboardView.swift */,
				7DA58E592A9B4BF4009BD943 /* ProfileView.swift */,
				7DE35DD52A83E53A0044F57D /* model.swift */,
				7DE35DE32A92708F0044F57D /* ProfitView.swift */,
				7DA58E5B2A9BA1D1009BD943 /* ProfitViviendasView.swift */,
				7DE35DE52A9907000044F57D /* ViviendasView.swift */,
				7DA58E672AAF8C5F009BD943 /* ViviendasListView.swift */,
				7DA58E692AAF8F52009BD943 /* AddEditViviendaView.swift */,
				7DA58E5D2A9BB52E009BD943 /* ContratosView.swift */,
				7DE35DCF2A83E5080044F57D /* charts.swift */,
				7DE35DDA2A868C5E0044F57D /* CarteraView.swift */,
				7DE35DDE2A8B653E0044F57D /* PieChartView.swift */,
				7DE35DD32A83E52C0044F57D /* HeaderView.swift */,
				7DA58E5F2AA2750C009BD943 /* ComponentsView.swift */,
				7DE35DD72A83E5410044F57D /* services.swift */,
				7DE35DDC2A868D970044F57D /* auxiliares.swift */,
				B80C480D2A402D1A0047AAC0 /* Assets.xcassets */,
				B80C480F2A402D1A0047AAC0 /* Preview Content */,
			);
			path = Dividendos;
			sourceTree = "<group>";
		};
		B80C480F2A402D1A0047AAC0 /* Preview Content */ = {
			isa = PBXGroup;
			children = (
				7DE35DBD2A83E4E60044F57D /* Assets.xcassets */,
				7DE35DC52A83E4E60044F57D /* charts.swift */,
				7DE35DC22A83E4E60044F57D /* ContentView.swift */,
				7DE35DC12A83E4E60044F57D /* DetalleEmpresaView.swift */,
				7DE35DC42A83E4E60044F57D /* DividendosApp.swift */,
				7DE35DBF2A83E4E60044F57D /* HeaderView.swift */,
				7DE35DC02A83E4E60044F57D /* model.swift */,
				7DE35DC32A83E4E60044F57D /* Preview Content */,
				7DE35DBE2A83E4E60044F57D /* services.swift */,
				B80C48102A402D1A0047AAC0 /* Preview Assets.xcassets */,
			);
			path = "Preview Content";
			sourceTree = "<group>";
		};
/* End PBXGroup section */

/* Begin PBXNativeTarget section */
		B80C48052A402D180047AAC0 /* Dividendos */ = {
			isa = PBXNativeTarget;
			buildConfigurationList = B80C48142A402D1A0047AAC0 /* Build configuration list for PBXNativeTarget "Dividendos" */;
			buildPhases = (
				B80C48022A402D180047AAC0 /* Sources */,
				B80C48032A402D180047AAC0 /* Frameworks */,
				B80C48042A402D180047AAC0 /* Resources */,
			);
			buildRules = (
			);
			dependencies = (
			);
			name = Dividendos;
			packageProductDependencies = (
				7DE35DE12A90BFE30044F57D /* SwiftUIImageViewer */,
			);
			productName = Dividendos;
			productReference = B80C48062A402D180047AAC0 /* Dividendos.app */;
			productType = "com.apple.product-type.application";
		};
/* End PBXNativeTarget section */

/* Begin PBXProject section */
		B80C47FE2A402D180047AAC0 /* Project object */ = {
			isa = PBXProject;
			attributes = {
				BuildIndependentTargetsInParallel = 1;
				LastSwiftUpdateCheck = 1430;
				LastUpgradeCheck = 1430;
				TargetAttributes = {
					B80C48052A402D180047AAC0 = {
						CreatedOnToolsVersion = 14.3.1;
					};
				};
			};
			buildConfigurationList = B80C48012A402D180047AAC0 /* Build configuration list for PBXProject "Dividendos" */;
			compatibilityVersion = "Xcode 15.0";
			developmentRegion = en;
			hasScannedForEncodings = 0;
			knownRegions = (
				en,
				Base,
			);
			mainGroup = B80C47FD2A402D180047AAC0;
			packageReferences = (
				7DE35DE02A90BFE30044F57D /* XCRemoteSwiftPackageReference "swiftui-image-viewer" */,
			);
			productRefGroup = B80C48072A402D180047AAC0 /* Products */;
			projectDirPath = "";
			projectRoot = "";
			targets = (
				B80C48052A402D180047AAC0 /* Dividendos */,
			);
		};
/* End PBXProject section */

/* Begin PBXResourcesBuildPhase section */
		B80C48042A402D180047AAC0 /* Resources */ = {
			isa = PBXResourcesBuildPhase;
			buildActionMask = 2147483647;
			files = (
				7DE35DCC2A83E4E60044F57D /* Preview Content in Resources */,
				B80C48112A402D1A0047AAC0 /* Preview Assets.xcassets in Resources */,
				7DE35DC62A83E4E60044F57D /* Assets.xcassets in Resources */,
				B80C480E2A402D1A0047AAC0 /* Assets.xcassets in Resources */,
			);
			runOnlyForDeploymentPostprocessing = 0;
		};
/* End PBXResourcesBuildPhase section */

/* Begin PBXSourcesBuildPhase section */
		B80C48022A402D180047AAC0 /* Sources */ = {
			isa = PBXSourcesBuildPhase;
			buildActionMask = 2147483647;
			files = (
				7DE35DCD2A83E4E60044F57D /* DividendosApp.swift in Sources */,
				7DE35DCA2A83E4E60044F57D /* DetalleEmpresaView.swift in Sources */,
				7DE35DE42A92708F0044F57D /* ProfitView.swift in Sources */,
				7DE35DDD2A868D970044F57D /* auxiliares.swift in Sources */,
				7DE35DE62A9907000044F57D /* ViviendasView.swift in Sources */,
				7DE35DC92A83E4E60044F57D /* model.swift in Sources */,
				7DE35DCB2A83E4E60044F57D /* ContentView.swift in Sources */,
				7DE35DD02A83E5080044F57D /* charts.swift in Sources */,
				7DE35DC72A83E4E60044F57D /* services.swift in Sources */,
				B80C480C2A402D180047AAC0 /* ContentView.swift in Sources */,
				7DA58E6A2AAF8F52009BD943 /* AddEditViviendaView.swift in Sources */,
				7DE35DD62A83E53A0044F57D /* model.swift in Sources */,
				7DE35DD42A83E52C0044F57D /* HeaderView.swift in Sources */,
				7DA58E5E2A9BB52E009BD943 /* ContratosView.swift in Sources */,
				7DA58E642AA36DD5009BD943 /* AddEditMovimientoView.swift in Sources */,
				7DA58E5A2A9B4BF4009BD943 /* ProfileView.swift in Sources */,
				B80C480A2A402D180047AAC0 /* DividendosApp.swift in Sources */,
				7DE35DCE2A83E4E60044F57D /* charts.swift in Sources */,
				7DA58E662AA38C64009BD943 /* MovimientosListView.swift in Sources */,
				7DA58E682AAF8C5F009BD943 /* ViviendasListView.swift in Sources */,
				7DA58E602AA2750C009BD943 /* ComponentsView.swift in Sources */,
				7DE35DD82A83E5410044F57D /* services.swift in Sources */,
				B81ECC832ABDAAF3009A01CC /* HistoricoDividendosView.swift in Sources */,
				7DE35DDF2A8B653E0044F57D /* PieChartView.swift in Sources */,
				7DE35DD22A83E5240044F57D /* DetalleEmpresaView.swift in Sources */,
				B83BF8C32A9CB88D00BBED45 /* DashboardView.swift in Sources */,
				7DA58E5C2A9BA1D1009BD943 /* ProfitViviendasView.swift in Sources */,
				7DE35DDB2A868C5E0044F57D /* CarteraView.swift in Sources */,
				7DE35DC82A83E4E60044F57D /* HeaderView.swift in Sources */,
				7DA58E622AA2755D009BD943 /* EmpresasListView.swift in Sources */,
			);
			runOnlyForDeploymentPostprocessing = 0;
		};
/* End PBXSourcesBuildPhase section */

/* Begin XCBuildConfiguration section */
		B80C48122A402D1A0047AAC0 /* Debug */ = {
			isa = XCBuildConfiguration;
			buildSettings = {
				ALWAYS_SEARCH_USER_PATHS = NO;
				CLANG_ANALYZER_NONNULL = YES;
				CLANG_ANALYZER_NUMBER_OBJECT_CONVERSION = YES_AGGRESSIVE;
				CLANG_CXX_LANGUAGE_STANDARD = "gnu++20";
				CLANG_ENABLE_MODULES = YES;
				CLANG_ENABLE_OBJC_ARC = YES;
				CLANG_ENABLE_OBJC_WEAK = YES;
				CLANG_WARN_BLOCK_CAPTURE_AUTORELEASING = YES;
				CLANG_WARN_BOOL_CONVERSION = YES;
				CLANG_WARN_COMMA = YES;
				CLANG_WARN_CONSTANT_CONVERSION = YES;
				CLANG_WARN_DEPRECATED_OBJC_IMPLEMENTATIONS = YES;
				CLANG_WARN_DIRECT_OBJC_ISA_USAGE = YES_ERROR;
				CLANG_WARN_DOCUMENTATION_COMMENTS = YES;
				CLANG_WARN_EMPTY_BODY = YES;
				CLANG_WARN_ENUM_CONVERSION = YES;
				CLANG_WARN_INFINITE_RECURSION = YES;
				CLANG_WARN_INT_CONVERSION = YES;
				CLANG_WARN_NON_LITERAL_NULL_CONVERSION = YES;
				CLANG_WARN_OBJC_IMPLICIT_RETAIN_SELF = YES;
				CLANG_WARN_OBJC_LITERAL_CONVERSION = YES;
				CLANG_WARN_OBJC_ROOT_CLASS = YES_ERROR;
				CLANG_WARN_QUOTED_INCLUDE_IN_FRAMEWORK_HEADER = YES;
				CLANG_WARN_RANGE_LOOP_ANALYSIS = YES;
				CLANG_WARN_STRICT_PROTOTYPES = YES;
				CLANG_WARN_SUSPICIOUS_MOVE = YES;
				CLANG_WARN_UNGUARDED_AVAILABILITY = YES_AGGRESSIVE;
				CLANG_WARN_UNREACHABLE_CODE = YES;
				CLANG_WARN__DUPLICATE_METHOD_MATCH = YES;
				COPY_PHASE_STRIP = NO;
				DEBUG_INFORMATION_FORMAT = dwarf;
				ENABLE_STRICT_OBJC_MSGSEND = YES;
				ENABLE_TESTABILITY = YES;
				GCC_C_LANGUAGE_STANDARD = gnu11;
				GCC_DYNAMIC_NO_PIC = NO;
				GCC_NO_COMMON_BLOCKS = YES;
				GCC_OPTIMIZATION_LEVEL = 0;
				GCC_PREPROCESSOR_DEFINITIONS = (
					"DEBUG=1",
					"$(inherited)",
				);
				GCC_WARN_64_TO_32_BIT_CONVERSION = YES;
				GCC_WARN_ABOUT_RETURN_TYPE = YES_ERROR;
				GCC_WARN_UNDECLARED_SELECTOR = YES;
				GCC_WARN_UNINITIALIZED_AUTOS = YES_AGGRESSIVE;
				GCC_WARN_UNUSED_FUNCTION = YES;
				GCC_WARN_UNUSED_VARIABLE = YES;
				IPHONEOS_DEPLOYMENT_TARGET = 17.0;
				MTL_ENABLE_DEBUG_INFO = INCLUDE_SOURCE;
				MTL_FAST_MATH = YES;
				ONLY_ACTIVE_ARCH = YES;
				SDKROOT = iphoneos;
				SWIFT_ACTIVE_COMPILATION_CONDITIONS = DEBUG;
				SWIFT_OPTIMIZATION_LEVEL = "-Onone";
			};
			name = Debug;
		};
		B80C48132A402D1A0047AAC0 /* Release */ = {
			isa = XCBuildConfiguration;
			buildSettings = {
				ALWAYS_SEARCH_USER_PATHS = NO;
				CLANG_ANALYZER_NONNULL = YES;
				CLANG_ANALYZER_NUMBER_OBJECT_CONVERSION = YES_AGGRESSIVE;
				CLANG_CXX_LANGUAGE_STANDARD = "gnu++20";
				CLANG_ENABLE_MODULES = YES;
				CLANG_ENABLE_OBJC_ARC = YES;
				CLANG_ENABLE_OBJC_WEAK = YES;
				CLANG_WARN_BLOCK_CAPTURE_AUTORELEASING = YES;
				CLANG_WARN_BOOL_CONVERSION = YES;
				CLANG_WARN_COMMA = YES;
				CLANG_WARN_CONSTANT_CONVERSION = YES;
				CLANG_WARN_DEPRECATED_OBJC_IMPLEMENTATIONS = YES;
				CLANG_WARN_DIRECT_OBJC_ISA_USAGE = YES_ERROR;
				CLANG_WARN_DOCUMENTATION_COMMENTS = YES;
				CLANG_WARN_EMPTY_BODY = YES;
				CLANG_WARN_ENUM_CONVERSION = YES;
				CLANG_WARN_INFINITE_RECURSION = YES;
				CLANG_WARN_INT_CONVERSION = YES;
				CLANG_WARN_NON_LITERAL_NULL_CONVERSION = YES;
				CLANG_WARN_OBJC_IMPLICIT_RETAIN_SELF = YES;
				CLANG_WARN_OBJC_LITERAL_CONVERSION = YES;
				CLANG_WARN_OBJC_ROOT_CLASS = YES_ERROR;
				CLANG_WARN_QUOTED_INCLUDE_IN_FRAMEWORK_HEADER = YES;
				CLANG_WARN_RANGE_LOOP_ANALYSIS = YES;
				CLANG_WARN_STRICT_PROTOTYPES = YES;
				CLANG_WARN_SUSPICIOUS_MOVE = YES;
				CLANG_WARN_UNGUARDED_AVAILABILITY = YES_AGGRESSIVE;
				CLANG_WARN_UNREACHABLE_CODE = YES;
				CLANG_WARN__DUPLICATE_METHOD_MATCH = YES;
				COPY_PHASE_STRIP = NO;
				DEBUG_INFORMATION_FORMAT = "dwarf-with-dsym";
				ENABLE_NS_ASSERTIONS = NO;
				ENABLE_STRICT_OBJC_MSGSEND = YES;
				GCC_C_LANGUAGE_STANDARD = gnu11;
				GCC_NO_COMMON_BLOCKS = YES;
				GCC_WARN_64_TO_32_BIT_CONVERSION = YES;
				GCC_WARN_ABOUT_RETURN_TYPE = YES_ERROR;
				GCC_WARN_UNDECLARED_SELECTOR = YES;
				GCC_WARN_UNINITIALIZED_AUTOS = YES_AGGRESSIVE;
				GCC_WARN_UNUSED_FUNCTION = YES;
				GCC_WARN_UNUSED_VARIABLE = YES;
				IPHONEOS_DEPLOYMENT_TARGET = 17.0;
				MTL_ENABLE_DEBUG_INFO = NO;
				MTL_FAST_MATH = YES;
				SDKROOT = iphoneos;
				SWIFT_COMPILATION_MODE = wholemodule;
				SWIFT_OPTIMIZATION_LEVEL = "-O";
				VALIDATE_PRODUCT = YES;
			};
			name = Release;
		};
		B80C48152A402D1A0047AAC0 /* Debug */ = {
			isa = XCBuildConfiguration;
			buildSettings = {
				ASSETCATALOG_COMPILER_APPICON_NAME = AppIcon;
				ASSETCATALOG_COMPILER_GLOBAL_ACCENT_COLOR_NAME = AccentColor;
				CODE_SIGN_STYLE = Automatic;
				CURRENT_PROJECT_VERSION = 13;
				DEVELOPMENT_ASSET_PATHS = "\"Dividendos/Preview Content\"";
				DEVELOPMENT_TEAM = FP83S5TDG6;
				ENABLE_PREVIEWS = YES;
				GENERATE_INFOPLIST_FILE = YES;
				INFOPLIST_FILE = Dividendos/Info.plist;
				INFOPLIST_KEY_CFBundleDisplayName = Hblock50;
				INFOPLIST_KEY_LSApplicationCategoryType = "public.app-category.finance";
				INFOPLIST_KEY_UIApplicationSceneManifest_Generation = YES;
				INFOPLIST_KEY_UIApplicationSupportsIndirectInputEvents = YES;
				INFOPLIST_KEY_UILaunchScreen_Generation = YES;
				INFOPLIST_KEY_UISupportedInterfaceOrientations_iPad = "UIInterfaceOrientationPortrait UIInterfaceOrientationPortraitUpsideDown UIInterfaceOrientationLandscapeLeft UIInterfaceOrientationLandscapeRight";
				INFOPLIST_KEY_UISupportedInterfaceOrientations_iPhone = "UIInterfaceOrientationPortrait UIInterfaceOrientationLandscapeLeft UIInterfaceOrientationLandscapeRight";
				IPHONEOS_DEPLOYMENT_TARGET = 17.0;
				LD_RUNPATH_SEARCH_PATHS = (
					"$(inherited)",
					"@executable_path/Frameworks",
				);
				MARKETING_VERSION = 1.3;
				PRODUCT_BUNDLE_IDENTIFIER = com.letteringenieros.Dividendos;
				PRODUCT_NAME = "$(TARGET_NAME)";
				SWIFT_EMIT_LOC_STRINGS = YES;
				SWIFT_VERSION = 5.0;
				TARGETED_DEVICE_FAMILY = "1,2";
			};
			name = Debug;
		};
		B80C48162A402D1A0047AAC0 /* Release */ = {
			isa = XCBuildConfiguration;
			buildSettings = {
				ASSETCATALOG_COMPILER_APPICON_NAME = AppIcon;
				ASSETCATALOG_COMPILER_GLOBAL_ACCENT_COLOR_NAME = AccentColor;
				CODE_SIGN_STYLE = Automatic;
				CURRENT_PROJECT_VERSION = 13;
				DEVELOPMENT_ASSET_PATHS = "\"Dividendos/Preview Content\"";
				DEVELOPMENT_TEAM = FP83S5TDG6;
				ENABLE_PREVIEWS = YES;
				GENERATE_INFOPLIST_FILE = YES;
				INFOPLIST_FILE = Dividendos/Info.plist;
				INFOPLIST_KEY_CFBundleDisplayName = Hblock50;
				INFOPLIST_KEY_LSApplicationCategoryType = "public.app-category.finance";
				INFOPLIST_KEY_UIApplicationSceneManifest_Generation = YES;
				INFOPLIST_KEY_UIApplicationSupportsIndirectInputEvents = YES;
				INFOPLIST_KEY_UILaunchScreen_Generation = YES;
				INFOPLIST_KEY_UISupportedInterfaceOrientations_iPad = "UIInterfaceOrientationPortrait UIInterfaceOrientationPortraitUpsideDown UIInterfaceOrientationLandscapeLeft UIInterfaceOrientationLandscapeRight";
				INFOPLIST_KEY_UISupportedInterfaceOrientations_iPhone = "UIInterfaceOrientationPortrait UIInterfaceOrientationLandscapeLeft UIInterfaceOrientationLandscapeRight";
				IPHONEOS_DEPLOYMENT_TARGET = 17.0;
				LD_RUNPATH_SEARCH_PATHS = (
					"$(inherited)",
					"@executable_path/Frameworks",
				);
				MARKETING_VERSION = 1.3;
				PRODUCT_BUNDLE_IDENTIFIER = com.letteringenieros.Dividendos;
				PRODUCT_NAME = "$(TARGET_NAME)";
				SWIFT_EMIT_LOC_STRINGS = YES;
				SWIFT_VERSION = 5.0;
				TARGETED_DEVICE_FAMILY = "1,2";
			};
			name = Release;
		};
/* End XCBuildConfiguration section */

/* Begin XCConfigurationList section */
		B80C48012A402D180047AAC0 /* Build configuration list for PBXProject "Dividendos" */ = {
			isa = XCConfigurationList;
			buildConfigurations = (
				B80C48122A402D1A0047AAC0 /* Debug */,
				B80C48132A402D1A0047AAC0 /* Release */,
			);
			defaultConfigurationIsVisible = 0;
			defaultConfigurationName = Release;
		};
		B80C48142A402D1A0047AAC0 /* Build configuration list for PBXNativeTarget "Dividendos" */ = {
			isa = XCConfigurationList;
			buildConfigurations = (
				B80C48152A402D1A0047AAC0 /* Debug */,
				B80C48162A402D1A0047AAC0 /* Release */,
			);
			defaultConfigurationIsVisible = 0;
			defaultConfigurationName = Release;
		};
/* End XCConfigurationList section */

/* Begin XCRemoteSwiftPackageReference section */
		7DE35DE02A90BFE30044F57D /* XCRemoteSwiftPackageReference "swiftui-image-viewer" */ = {
			isa = XCRemoteSwiftPackageReference;
			repositoryURL = "https://github.com/fuzzzlove/swiftui-image-viewer.git";
			requirement = {
				kind = upToNextMajorVersion;
				minimumVersion = 1.0.0;
			};
		};
/* End XCRemoteSwiftPackageReference section */

/* Begin XCSwiftPackageProductDependency section */
		7DE35DE12A90BFE30044F57D /* SwiftUIImageViewer */ = {
			isa = XCSwiftPackageProductDependency;
			package = 7DE35DE02A90BFE30044F57D /* XCRemoteSwiftPackageReference "swiftui-image-viewer" */;
			productName = SwiftUIImageViewer;
		};
/* End XCSwiftPackageProductDependency section */
	};
	rootObject = B80C47FE2A402D180047AAC0 /* Project object */;
}
